// !$*UTF8*$!
{
	archiveVersion = 1;
	classes = {
	};
	objectVersion = 50;
	objects = {

/* Begin PBXBuildFile section */
		48F3BC6226C0319100BB679E /* AUUdpHostV3App.swift in Sources */ = {isa = PBXBuildFile; fileRef = 48F3BC6126C0319100BB679E /* AUUdpHostV3App.swift */; };
		48F3BC6426C0319100BB679E /* ContentView.swift in Sources */ = {isa = PBXBuildFile; fileRef = 48F3BC6326C0319100BB679E /* ContentView.swift */; };
		48F3BC6626C0319200BB679E /* Assets.xcassets in Resources */ = {isa = PBXBuildFile; fileRef = 48F3BC6526C0319200BB679E /* Assets.xcassets */; };
		48F3BC6926C0319200BB679E /* Preview Assets.xcassets in Resources */ = {isa = PBXBuildFile; fileRef = 48F3BC6826C0319200BB679E /* Preview Assets.xcassets */; };
		48F3BC7A26C031E100BB679E /* AUTransceiverAudioUnit.m in Sources */ = {isa = PBXBuildFile; fileRef = 48F3BC7926C031E100BB679E /* AUTransceiverAudioUnit.m */; };
		48F3BC7E26C031E100BB679E /* DSPKernel.hpp in Resources */ = {isa = PBXBuildFile; fileRef = 48F3BC7D26C031E100BB679E /* DSPKernel.hpp */; };
		48F3BC8026C031E100BB679E /* DSPKernel.mm in Sources */ = {isa = PBXBuildFile; fileRef = 48F3BC7F26C031E100BB679E /* DSPKernel.mm */; };
		48F3BC8226C031E100BB679E /* BufferedAudioBus.hpp in Resources */ = {isa = PBXBuildFile; fileRef = 48F3BC8126C031E100BB679E /* BufferedAudioBus.hpp */; };
		48F3BC8526C031E100BB679E /* AUTransceiverDSPKernel.hpp in Resources */ = {isa = PBXBuildFile; fileRef = 48F3BC8426C031E100BB679E /* AUTransceiverDSPKernel.hpp */; };
		48F3BC8726C031E100BB679E /* AUTransceiverDSPKernel.mm in Sources */ = {isa = PBXBuildFile; fileRef = 48F3BC8626C031E100BB679E /* AUTransceiverDSPKernel.mm */; };
		48F3BC8A26C031E100BB679E /* AudioUnitViewController.swift in Sources */ = {isa = PBXBuildFile; fileRef = 48F3BC8926C031E100BB679E /* AudioUnitViewController.swift */; };
		48F3BC8E26C031E100BB679E /* AudioUnitViewController.xib in Resources */ = {isa = PBXBuildFile; fileRef = 48F3BC8C26C031E100BB679E /* AudioUnitViewController.xib */; };
		48F3BC9326C031E100BB679E /* AUTransceiver.appex in Embed App Extensions */ = {isa = PBXBuildFile; fileRef = 48F3BC7526C031E100BB679E /* AUTransceiver.appex */; settings = {ATTRIBUTES = (RemoveHeadersOnCopy, ); }; };
/* End PBXBuildFile section */

/* Begin PBXContainerItemProxy section */
		48F3BC9126C031E100BB679E /* PBXContainerItemProxy */ = {
			isa = PBXContainerItemProxy;
			containerPortal = 48F3BC5626C0319100BB679E /* Project object */;
			proxyType = 1;
			remoteGlobalIDString = 48F3BC7426C031E100BB679E;
			remoteInfo = AUTransceiver;
		};
/* End PBXContainerItemProxy section */

/* Begin PBXCopyFilesBuildPhase section */
		48F3BC9726C031E100BB679E /* Embed App Extensions */ = {
			isa = PBXCopyFilesBuildPhase;
			buildActionMask = 2147483647;
			dstPath = "";
			dstSubfolderSpec = 13;
			files = (
				48F3BC9326C031E100BB679E /* AUTransceiver.appex in Embed App Extensions */,
			);
			name = "Embed App Extensions";
			runOnlyForDeploymentPostprocessing = 0;
		};
/* End PBXCopyFilesBuildPhase section */

/* Begin PBXFileReference section */
		48F3BC5E26C0319100BB679E /* AUUdpHostV3.app */ = {isa = PBXFileReference; explicitFileType = wrapper.application; includeInIndex = 0; path = AUUdpHostV3.app; sourceTree = BUILT_PRODUCTS_DIR; };
		48F3BC6126C0319100BB679E /* AUUdpHostV3App.swift */ = {isa = PBXFileReference; lastKnownFileType = sourcecode.swift; path = AUUdpHostV3App.swift; sourceTree = "<group>"; };
		48F3BC6326C0319100BB679E /* ContentView.swift */ = {isa = PBXFileReference; lastKnownFileType = sourcecode.swift; path = ContentView.swift; sourceTree = "<group>"; };
		48F3BC6526C0319200BB679E /* Assets.xcassets */ = {isa = PBXFileReference; lastKnownFileType = folder.assetcatalog; path = Assets.xcassets; sourceTree = "<group>"; };
		48F3BC6826C0319200BB679E /* Preview Assets.xcassets */ = {isa = PBXFileReference; lastKnownFileType = folder.assetcatalog; path = "Preview Assets.xcassets"; sourceTree = "<group>"; };
		48F3BC6A26C0319200BB679E /* Info.plist */ = {isa = PBXFileReference; lastKnownFileType = text.plist.xml; path = Info.plist; sourceTree = "<group>"; };
		48F3BC6B26C0319200BB679E /* AUUdpHostV3.entitlements */ = {isa = PBXFileReference; lastKnownFileType = text.plist.entitlements; path = AUUdpHostV3.entitlements; sourceTree = "<group>"; };
		48F3BC7526C031E100BB679E /* AUTransceiver.appex */ = {isa = PBXFileReference; explicitFileType = "wrapper.app-extension"; includeInIndex = 0; path = AUTransceiver.appex; sourceTree = BUILT_PRODUCTS_DIR; };
		48F3BC7826C031E100BB679E /* AUTransceiverAudioUnit.h */ = {isa = PBXFileReference; lastKnownFileType = sourcecode.c.h; path = AUTransceiverAudioUnit.h; sourceTree = "<group>"; };
		48F3BC7926C031E100BB679E /* AUTransceiverAudioUnit.m */ = {isa = PBXFileReference; lastKnownFileType = sourcecode.c.objc; path = AUTransceiverAudioUnit.m; sourceTree = "<group>"; };
		48F3BC7D26C031E100BB679E /* DSPKernel.hpp */ = {isa = PBXFileReference; lastKnownFileType = sourcecode.cpp.h; path = DSPKernel.hpp; sourceTree = "<group>"; };
		48F3BC7F26C031E100BB679E /* DSPKernel.mm */ = {isa = PBXFileReference; lastKnownFileType = sourcecode.cpp.objcpp; path = DSPKernel.mm; sourceTree = "<group>"; };
		48F3BC8126C031E100BB679E /* BufferedAudioBus.hpp */ = {isa = PBXFileReference; lastKnownFileType = sourcecode.cpp.h; path = BufferedAudioBus.hpp; sourceTree = "<group>"; };
		48F3BC8326C031E100BB679E /* AUTransceiverDSPKernelAdapter.h */ = {isa = PBXFileReference; lastKnownFileType = sourcecode.c.h; path = AUTransceiverDSPKernelAdapter.h; sourceTree = "<group>"; };
		48F3BC8426C031E100BB679E /* AUTransceiverDSPKernel.hpp */ = {isa = PBXFileReference; lastKnownFileType = sourcecode.cpp.h; path = AUTransceiverDSPKernel.hpp; sourceTree = "<group>"; };
		48F3BC8626C031E100BB679E /* AUTransceiverDSPKernel.mm */ = {isa = PBXFileReference; lastKnownFileType = sourcecode.cpp.objcpp; path = AUTransceiverDSPKernel.mm; sourceTree = "<group>"; };
		48F3BC8926C031E100BB679E /* AudioUnitViewController.swift */ = {isa = PBXFileReference; lastKnownFileType = sourcecode.swift; path = AudioUnitViewController.swift; sourceTree = "<group>"; };
		48F3BC8B26C031E100BB679E /* AUTransceiver-Bridging-Header.h */ = {isa = PBXFileReference; lastKnownFileType = sourcecode.c.h; path = "AUTransceiver-Bridging-Header.h"; sourceTree = "<group>"; };
		48F3BC8D26C031E100BB679E /* Base */ = {isa = PBXFileReference; lastKnownFileType = file.xib; name = Base; path = Base.lproj/AudioUnitViewController.xib; sourceTree = "<group>"; };
		48F3BC8F26C031E100BB679E /* Info.plist */ = {isa = PBXFileReference; lastKnownFileType = text.plist.xml; path = Info.plist; sourceTree = "<group>"; };
		48F3BC9026C031E100BB679E /* AUTransceiver.entitlements */ = {isa = PBXFileReference; lastKnownFileType = text.plist.entitlements; path = AUTransceiver.entitlements; sourceTree = "<group>"; };
		48F3BC9826C0372800BB679E /* GrimsUdpLib.hpp */ = {isa = PBXFileReference; fileEncoding = 4; lastKnownFileType = sourcecode.cpp.h; path = GrimsUdpLib.hpp; sourceTree = "<group>"; };
/* End PBXFileReference section */

/* Begin PBXFrameworksBuildPhase section */
		48F3BC5B26C0319100BB679E /* Frameworks */ = {
			isa = PBXFrameworksBuildPhase;
			buildActionMask = 2147483647;
			files = (
			);
			runOnlyForDeploymentPostprocessing = 0;
		};
		48F3BC7226C031E100BB679E /* Frameworks */ = {
			isa = PBXFrameworksBuildPhase;
			buildActionMask = 2147483647;
			files = (
			);
			runOnlyForDeploymentPostprocessing = 0;
		};
/* End PBXFrameworksBuildPhase section */

/* Begin PBXGroup section */
		48F3BC5526C0319100BB679E = {
			isa = PBXGroup;
			children = (
				48F3BC6026C0319100BB679E /* AUUdpHostV3 */,
				48F3BC7626C031E100BB679E /* AUTransceiver */,
				48F3BC5F26C0319100BB679E /* Products */,
			);
			sourceTree = "<group>";
		};
		48F3BC5F26C0319100BB679E /* Products */ = {
			isa = PBXGroup;
			children = (
				48F3BC5E26C0319100BB679E /* AUUdpHostV3.app */,
				48F3BC7526C031E100BB679E /* AUTransceiver.appex */,
			);
			name = Products;
			sourceTree = "<group>";
		};
		48F3BC6026C0319100BB679E /* AUUdpHostV3 */ = {
			isa = PBXGroup;
			children = (
				48F3BC6126C0319100BB679E /* AUUdpHostV3App.swift */,
				48F3BC6326C0319100BB679E /* ContentView.swift */,
				48F3BC6526C0319200BB679E /* Assets.xcassets */,
				48F3BC6A26C0319200BB679E /* Info.plist */,
				48F3BC6B26C0319200BB679E /* AUUdpHostV3.entitlements */,
				48F3BC6726C0319200BB679E /* Preview Content */,
			);
			path = AUUdpHostV3;
			sourceTree = "<group>";
		};
		48F3BC6726C0319200BB679E /* Preview Content */ = {
			isa = PBXGroup;
			children = (
				48F3BC6826C0319200BB679E /* Preview Assets.xcassets */,
			);
			path = "Preview Content";
			sourceTree = "<group>";
		};
		48F3BC7626C031E100BB679E /* AUTransceiver */ = {
			isa = PBXGroup;
			children = (
				48F3BC8B26C031E100BB679E /* AUTransceiver-Bridging-Header.h */,
				48F3BC8C26C031E100BB679E /* AudioUnitViewController.xib */,
				48F3BC8F26C031E100BB679E /* Info.plist */,
				48F3BC9026C031E100BB679E /* AUTransceiver.entitlements */,
				48F3BC7726C031E100BB679E /* Audio Unit */,
				48F3BC7B26C031E100BB679E /* DSP */,
				48F3BC8826C031E100BB679E /* UI */,
			);
			path = AUTransceiver;
			sourceTree = "<group>";
		};
		48F3BC7726C031E100BB679E /* Audio Unit */ = {
			isa = PBXGroup;
			children = (
				48F3BC7826C031E100BB679E /* AUTransceiverAudioUnit.h */,
				48F3BC7926C031E100BB679E /* AUTransceiverAudioUnit.m */,
			);
			path = "Audio Unit";
			sourceTree = "<group>";
		};
		48F3BC7B26C031E100BB679E /* DSP */ = {
			isa = PBXGroup;
			children = (
				48F3BC9826C0372800BB679E /* GrimsUdpLib.hpp */,
				48F3BC8426C031E100BB679E /* AUTransceiverDSPKernel.hpp */,
				48F3BC8626C031E100BB679E /* AUTransceiverDSPKernel.mm */,
				48F3BC7C26C031E100BB679E /* Helpers */,
			);
			path = DSP;
			sourceTree = "<group>";
		};
		48F3BC7C26C031E100BB679E /* Helpers */ = {
			isa = PBXGroup;
			children = (
				48F3BC7D26C031E100BB679E /* DSPKernel.hpp */,
				48F3BC7F26C031E100BB679E /* DSPKernel.mm */,
				48F3BC8126C031E100BB679E /* BufferedAudioBus.hpp */,
				48F3BC8326C031E100BB679E /* AUTransceiverDSPKernelAdapter.h */,
			);
			path = Helpers;
			sourceTree = "<group>";
		};
		48F3BC8826C031E100BB679E /* UI */ = {
			isa = PBXGroup;
			children = (
				48F3BC8926C031E100BB679E /* AudioUnitViewController.swift */,
			);
			path = UI;
			sourceTree = "<group>";
		};
/* End PBXGroup section */

/* Begin PBXNativeTarget section */
		48F3BC5D26C0319100BB679E /* AUUdpHostV3 */ = {
			isa = PBXNativeTarget;
			buildConfigurationList = 48F3BC6E26C0319200BB679E /* Build configuration list for PBXNativeTarget "AUUdpHostV3" */;
			buildPhases = (
				48F3BC5A26C0319100BB679E /* Sources */,
				48F3BC5B26C0319100BB679E /* Frameworks */,
				48F3BC5C26C0319100BB679E /* Resources */,
				48F3BC9726C031E100BB679E /* Embed App Extensions */,
			);
			buildRules = (
			);
			dependencies = (
				48F3BC9226C031E100BB679E /* PBXTargetDependency */,
			);
			name = AUUdpHostV3;
			productName = AUUdpHostV3;
			productReference = 48F3BC5E26C0319100BB679E /* AUUdpHostV3.app */;
			productType = "com.apple.product-type.application";
		};
		48F3BC7426C031E100BB679E /* AUTransceiver */ = {
			isa = PBXNativeTarget;
			buildConfigurationList = 48F3BC9426C031E100BB679E /* Build configuration list for PBXNativeTarget "AUTransceiver" */;
			buildPhases = (
				48F3BC7126C031E100BB679E /* Sources */,
				48F3BC7226C031E100BB679E /* Frameworks */,
				48F3BC7326C031E100BB679E /* Resources */,
			);
			buildRules = (
			);
			dependencies = (
			);
			name = AUTransceiver;
			productName = AUTransceiver;
			productReference = 48F3BC7526C031E100BB679E /* AUTransceiver.appex */;
			productType = "com.apple.product-type.app-extension";
		};
/* End PBXNativeTarget section */

/* Begin PBXProject section */
		48F3BC5626C0319100BB679E /* Project object */ = {
			isa = PBXProject;
			attributes = {
				LastSwiftUpdateCheck = 1250;
				LastUpgradeCheck = 1250;
				TargetAttributes = {
					48F3BC5D26C0319100BB679E = {
						CreatedOnToolsVersion = 12.5.1;
					};
					48F3BC7426C031E100BB679E = {
						CreatedOnToolsVersion = 12.5.1;
					};
				};
			};
			buildConfigurationList = 48F3BC5926C0319100BB679E /* Build configuration list for PBXProject "AUUdpHostV3" */;
			compatibilityVersion = "Xcode 9.3";
			developmentRegion = en;
			hasScannedForEncodings = 0;
			knownRegions = (
				en,
				Base,
			);
			mainGroup = 48F3BC5526C0319100BB679E;
			productRefGroup = 48F3BC5F26C0319100BB679E /* Products */;
			projectDirPath = "";
			projectRoot = "";
			targets = (
				48F3BC5D26C0319100BB679E /* AUUdpHostV3 */,
				48F3BC7426C031E100BB679E /* AUTransceiver */,
			);
		};
/* End PBXProject section */

/* Begin PBXResourcesBuildPhase section */
		48F3BC5C26C0319100BB679E /* Resources */ = {
			isa = PBXResourcesBuildPhase;
			buildActionMask = 2147483647;
			files = (
				48F3BC6926C0319200BB679E /* Preview Assets.xcassets in Resources */,
				48F3BC6626C0319200BB679E /* Assets.xcassets in Resources */,
			);
			runOnlyForDeploymentPostprocessing = 0;
		};
		48F3BC7326C031E100BB679E /* Resources */ = {
			isa = PBXResourcesBuildPhase;
			buildActionMask = 2147483647;
			files = (
				48F3BC8526C031E100BB679E /* AUTransceiverDSPKernel.hpp in Resources */,
				48F3BC8E26C031E100BB679E /* AudioUnitViewController.xib in Resources */,
				48F3BC7E26C031E100BB679E /* DSPKernel.hpp in Resources */,
				48F3BC8226C031E100BB679E /* BufferedAudioBus.hpp in Resources */,
			);
			runOnlyForDeploymentPostprocessing = 0;
		};
/* End PBXResourcesBuildPhase section */

/* Begin PBXSourcesBuildPhase section */
		48F3BC5A26C0319100BB679E /* Sources */ = {
			isa = PBXSourcesBuildPhase;
			buildActionMask = 2147483647;
			files = (
				48F3BC6426C0319100BB679E /* ContentView.swift in Sources */,
				48F3BC6226C0319100BB679E /* AUUdpHostV3App.swift in Sources */,
			);
			runOnlyForDeploymentPostprocessing = 0;
		};
		48F3BC7126C031E100BB679E /* Sources */ = {
			isa = PBXSourcesBuildPhase;
			buildActionMask = 2147483647;
			files = (
				48F3BC8026C031E100BB679E /* DSPKernel.mm in Sources */,
				48F3BC8A26C031E100BB679E /* AudioUnitViewController.swift in Sources */,
				48F3BC8726C031E100BB679E /* AUTransceiverDSPKernel.mm in Sources */,
				48F3BC7A26C031E100BB679E /* AUTransceiverAudioUnit.m in Sources */,
			);
			runOnlyForDeploymentPostprocessing = 0;
		};
/* End PBXSourcesBuildPhase section */

/* Begin PBXTargetDependency section */
		48F3BC9226C031E100BB679E /* PBXTargetDependency */ = {
			isa = PBXTargetDependency;
			target = 48F3BC7426C031E100BB679E /* AUTransceiver */;
			targetProxy = 48F3BC9126C031E100BB679E /* PBXContainerItemProxy */;
		};
/* End PBXTargetDependency section */

/* Begin PBXVariantGroup section */
		48F3BC8C26C031E100BB679E /* AudioUnitViewController.xib */ = {
			isa = PBXVariantGroup;
			children = (
				48F3BC8D26C031E100BB679E /* Base */,
			);
			name = AudioUnitViewController.xib;
			sourceTree = "<group>";
		};
/* End PBXVariantGroup section */

/* Begin XCBuildConfiguration section */
		48F3BC6C26C0319200BB679E /* Debug */ = {
			isa = XCBuildConfiguration;
			buildSettings = {
				ALWAYS_SEARCH_USER_PATHS = NO;
				CLANG_ANALYZER_NONNULL = YES;
				CLANG_ANALYZER_NUMBER_OBJECT_CONVERSION = YES_AGGRESSIVE;
				CLANG_CXX_LANGUAGE_STANDARD = "gnu++14";
				CLANG_CXX_LIBRARY = "libc++";
				CLANG_ENABLE_MODULES = YES;
				CLANG_ENABLE_OBJC_ARC = YES;
				CLANG_ENABLE_OBJC_WEAK = YES;
				CLANG_WARN_BLOCK_CAPTURE_AUTORELEASING = YES;
				CLANG_WARN_BOOL_CONVERSION = YES;
				CLANG_WARN_COMMA = YES;
				CLANG_WARN_CONSTANT_CONVERSION = YES;
				CLANG_WARN_DEPRECATED_OBJC_IMPLEMENTATIONS = YES;
				CLANG_WARN_DIRECT_OBJC_ISA_USAGE = YES_ERROR;
				CLANG_WARN_DOCUMENTATION_COMMENTS = YES;
				CLANG_WARN_EMPTY_BODY = YES;
				CLANG_WARN_ENUM_CONVERSION = YES;
				CLANG_WARN_INFINITE_RECURSION = YES;
				CLANG_WARN_INT_CONVERSION = YES;
				CLANG_WARN_NON_LITERAL_NULL_CONVERSION = YES;
				CLANG_WARN_OBJC_IMPLICIT_RETAIN_SELF = YES;
				CLANG_WARN_OBJC_LITERAL_CONVERSION = YES;
				CLANG_WARN_OBJC_ROOT_CLASS = YES_ERROR;
				CLANG_WARN_QUOTED_INCLUDE_IN_FRAMEWORK_HEADER = YES;
				CLANG_WARN_RANGE_LOOP_ANALYSIS = YES;
				CLANG_WARN_STRICT_PROTOTYPES = YES;
				CLANG_WARN_SUSPICIOUS_MOVE = YES;
				CLANG_WARN_UNGUARDED_AVAILABILITY = YES_AGGRESSIVE;
				CLANG_WARN_UNREACHABLE_CODE = YES;
				CLANG_WARN__DUPLICATE_METHOD_MATCH = YES;
				COPY_PHASE_STRIP = NO;
				DEBUG_INFORMATION_FORMAT = dwarf;
				ENABLE_STRICT_OBJC_MSGSEND = YES;
				ENABLE_TESTABILITY = YES;
				GCC_C_LANGUAGE_STANDARD = gnu11;
				GCC_DYNAMIC_NO_PIC = NO;
				GCC_NO_COMMON_BLOCKS = YES;
				GCC_OPTIMIZATION_LEVEL = 0;
				GCC_PREPROCESSOR_DEFINITIONS = (
					"DEBUG=1",
					"$(inherited)",
				);
				GCC_WARN_64_TO_32_BIT_CONVERSION = YES;
				GCC_WARN_ABOUT_RETURN_TYPE = YES_ERROR;
				GCC_WARN_UNDECLARED_SELECTOR = YES;
				GCC_WARN_UNINITIALIZED_AUTOS = YES_AGGRESSIVE;
				GCC_WARN_UNUSED_FUNCTION = YES;
				GCC_WARN_UNUSED_VARIABLE = YES;
				MACOSX_DEPLOYMENT_TARGET = 11.3;
				MTL_ENABLE_DEBUG_INFO = INCLUDE_SOURCE;
				MTL_FAST_MATH = YES;
				ONLY_ACTIVE_ARCH = YES;
				SDKROOT = macosx;
				SWIFT_ACTIVE_COMPILATION_CONDITIONS = DEBUG;
				SWIFT_OPTIMIZATION_LEVEL = "-Onone";
			};
			name = Debug;
		};
		48F3BC6D26C0319200BB679E /* Release */ = {
			isa = XCBuildConfiguration;
			buildSettings = {
				ALWAYS_SEARCH_USER_PATHS = NO;
				CLANG_ANALYZER_NONNULL = YES;
				CLANG_ANALYZER_NUMBER_OBJECT_CONVERSION = YES_AGGRESSIVE;
				CLANG_CXX_LANGUAGE_STANDARD = "gnu++14";
				CLANG_CXX_LIBRARY = "libc++";
				CLANG_ENABLE_MODULES = YES;
				CLANG_ENABLE_OBJC_ARC = YES;
				CLANG_ENABLE_OBJC_WEAK = YES;
				CLANG_WARN_BLOCK_CAPTURE_AUTORELEASING = YES;
				CLANG_WARN_BOOL_CONVERSION = YES;
				CLANG_WARN_COMMA = YES;
				CLANG_WARN_CONSTANT_CONVERSION = YES;
				CLANG_WARN_DEPRECATED_OBJC_IMPLEMENTATIONS = YES;
				CLANG_WARN_DIRECT_OBJC_ISA_USAGE = YES_ERROR;
				CLANG_WARN_DOCUMENTATION_COMMENTS = YES;
				CLANG_WARN_EMPTY_BODY = YES;
				CLANG_WARN_ENUM_CONVERSION = YES;
				CLANG_WARN_INFINITE_RECURSION = YES;
				CLANG_WARN_INT_CONVERSION = YES;
				CLANG_WARN_NON_LITERAL_NULL_CONVERSION = YES;
				CLANG_WARN_OBJC_IMPLICIT_RETAIN_SELF = YES;
				CLANG_WARN_OBJC_LITERAL_CONVERSION = YES;
				CLANG_WARN_OBJC_ROOT_CLASS = YES_ERROR;
				CLANG_WARN_QUOTED_INCLUDE_IN_FRAMEWORK_HEADER = YES;
				CLANG_WARN_RANGE_LOOP_ANALYSIS = YES;
				CLANG_WARN_STRICT_PROTOTYPES = YES;
				CLANG_WARN_SUSPICIOUS_MOVE = YES;
				CLANG_WARN_UNGUARDED_AVAILABILITY = YES_AGGRESSIVE;
				CLANG_WARN_UNREACHABLE_CODE = YES;
				CLANG_WARN__DUPLICATE_METHOD_MATCH = YES;
				COPY_PHASE_STRIP = NO;
				DEBUG_INFORMATION_FORMAT = "dwarf-with-dsym";
				ENABLE_NS_ASSERTIONS = NO;
				ENABLE_STRICT_OBJC_MSGSEND = YES;
				GCC_C_LANGUAGE_STANDARD = gnu11;
				GCC_NO_COMMON_BLOCKS = YES;
				GCC_WARN_64_TO_32_BIT_CONVERSION = YES;
				GCC_WARN_ABOUT_RETURN_TYPE = YES_ERROR;
				GCC_WARN_UNDECLARED_SELECTOR = YES;
				GCC_WARN_UNINITIALIZED_AUTOS = YES_AGGRESSIVE;
				GCC_WARN_UNUSED_FUNCTION = YES;
				GCC_WARN_UNUSED_VARIABLE = YES;
				MACOSX_DEPLOYMENT_TARGET = 11.3;
				MTL_ENABLE_DEBUG_INFO = NO;
				MTL_FAST_MATH = YES;
				SDKROOT = macosx;
				SWIFT_COMPILATION_MODE = wholemodule;
				SWIFT_OPTIMIZATION_LEVEL = "-O";
			};
			name = Release;
		};
		48F3BC6F26C0319200BB679E /* Debug */ = {
			isa = XCBuildConfiguration;
			buildSettings = {
				ALWAYS_EMBED_SWIFT_STANDARD_LIBRARIES = YES;
				ASSETCATALOG_COMPILER_APPICON_NAME = AppIcon;
				ASSETCATALOG_COMPILER_GLOBAL_ACCENT_COLOR_NAME = AccentColor;
				CODE_SIGN_ENTITLEMENTS = AUUdpHostV3/AUUdpHostV3.entitlements;
				CODE_SIGN_STYLE = Automatic;
				COMBINE_HIDPI_IMAGES = YES;
				DEVELOPMENT_ASSET_PATHS = "\"AUUdpHostV3/Preview Content\"";
				DEVELOPMENT_TEAM = Q95452YACT;
				ENABLE_HARDENED_RUNTIME = YES;
				ENABLE_PREVIEWS = YES;
				INFOPLIST_FILE = AUUdpHostV3/Info.plist;
				LD_RUNPATH_SEARCH_PATHS = (
					"$(inherited)",
					"@executable_path/../Frameworks",
				);
				MACOSX_DEPLOYMENT_TARGET = 11.0;
				PRODUCT_BUNDLE_IDENTIFIER = grim.AUUdpHostV3;
				PRODUCT_NAME = "$(TARGET_NAME)";
				SWIFT_VERSION = 5.0;
			};
			name = Debug;
		};
		48F3BC7026C0319200BB679E /* Release */ = {
			isa = XCBuildConfiguration;
			buildSettings = {
				ALWAYS_EMBED_SWIFT_STANDARD_LIBRARIES = YES;
				ASSETCATALOG_COMPILER_APPICON_NAME = AppIcon;
				ASSETCATALOG_COMPILER_GLOBAL_ACCENT_COLOR_NAME = AccentColor;
				CODE_SIGN_ENTITLEMENTS = AUUdpHostV3/AUUdpHostV3.entitlements;
				CODE_SIGN_STYLE = Automatic;
				COMBINE_HIDPI_IMAGES = YES;
				DEVELOPMENT_ASSET_PATHS = "\"AUUdpHostV3/Preview Content\"";
				DEVELOPMENT_TEAM = Q95452YACT;
				ENABLE_HARDENED_RUNTIME = YES;
				ENABLE_PREVIEWS = YES;
				INFOPLIST_FILE = AUUdpHostV3/Info.plist;
				LD_RUNPATH_SEARCH_PATHS = (
					"$(inherited)",
					"@executable_path/../Frameworks",
				);
				MACOSX_DEPLOYMENT_TARGET = 11.0;
				PRODUCT_BUNDLE_IDENTIFIER = grim.AUUdpHostV3;
				PRODUCT_NAME = "$(TARGET_NAME)";
				SWIFT_VERSION = 5.0;
			};
			name = Release;
		};
		48F3BC9526C031E100BB679E /* Debug */ = {
			isa = XCBuildConfiguration;
			buildSettings = {
				CODE_SIGN_ENTITLEMENTS = AUTransceiver/AUTransceiver.entitlements;
				CODE_SIGN_STYLE = Automatic;
				DEVELOPMENT_TEAM = Q95452YACT;
				ENABLE_HARDENED_RUNTIME = YES;
				INFOPLIST_FILE = AUTransceiver/Info.plist;
				LD_RUNPATH_SEARCH_PATHS = (
					"$(inherited)",
					"@executable_path/../Frameworks",
					"@executable_path/../../../../Frameworks",
				);
				PRODUCT_BUNDLE_IDENTIFIER = grim.AUUdpHostV3.AUTransceiver;
				PRODUCT_NAME = "$(TARGET_NAME)";
				SKIP_INSTALL = YES;
				SWIFT_OBJC_BRIDGING_HEADER = "AUTransceiver/AUTransceiver-Bridging-Header.h";
				SWIFT_VERSION = 5.0;
			};
			name = Debug;
		};
		48F3BC9626C031E100BB679E /* Release */ = {
			isa = XCBuildConfiguration;
			buildSettings = {
				CODE_SIGN_ENTITLEMENTS = AUTransceiver/AUTransceiver.entitlements;
				CODE_SIGN_STYLE = Automatic;
				DEVELOPMENT_TEAM = Q95452YACT;
				ENABLE_HARDENED_RUNTIME = YES;
				INFOPLIST_FILE = AUTransceiver/Info.plist;
				LD_RUNPATH_SEARCH_PATHS = (
					"$(inherited)",
					"@executable_path/../Frameworks",
					"@executable_path/../../../../Frameworks",
				);
				PRODUCT_BUNDLE_IDENTIFIER = grim.AUUdpHostV3.AUTransceiver;
				PRODUCT_NAME = "$(TARGET_NAME)";
				SKIP_INSTALL = YES;
				SWIFT_OBJC_BRIDGING_HEADER = "AUTransceiver/AUTransceiver-Bridging-Header.h";
				SWIFT_VERSION = 5.0;
			};
			name = Release;
		};
/* End XCBuildConfiguration section */

/* Begin XCConfigurationList section */
		48F3BC5926C0319100BB679E /* Build configuration list for PBXProject "AUUdpHostV3" */ = {
			isa = XCConfigurationList;
			buildConfigurations = (
				48F3BC6C26C0319200BB679E /* Debug */,
				48F3BC6D26C0319200BB679E /* Release */,
			);
			defaultConfigurationIsVisible = 0;
			defaultConfigurationName = Release;
		};
		48F3BC6E26C0319200BB679E /* Build configuration list for PBXNativeTarget "AUUdpHostV3" */ = {
			isa = XCConfigurationList;
			buildConfigurations = (
				48F3BC6F26C0319200BB679E /* Debug */,
				48F3BC7026C0319200BB679E /* Release */,
			);
			defaultConfigurationIsVisible = 0;
			defaultConfigurationName = Release;
		};
		48F3BC9426C031E100BB679E /* Build configuration list for PBXNativeTarget "AUTransceiver" */ = {
			isa = XCConfigurationList;
			buildConfigurations = (
				48F3BC9526C031E100BB679E /* Debug */,
				48F3BC9626C031E100BB679E /* Release */,
			);
			defaultConfigurationIsVisible = 0;
			defaultConfigurationName = Release;
		};
/* End XCConfigurationList section */
	};
	rootObject = 48F3BC5626C0319100BB679E /* Project object */;
}
